
Microsoft Visual Studio Solution File, Format Version 12.00
# Visual Studio Version 16
VisualStudioVersion = 16.0.33027.164
MinimumVisualStudioVersion = 10.0.40219.1
Project("{FAE04EC0-301F-11D3-BF4B-00C04F79EFBC}") = "Regi", "Regi\Regi.csproj", "{39FE11DF-2E32-4DA0-B50D-C1EC0C65912C}"
EndProject
Global
	GlobalSection(SolutionConfigurationPlatforms) = preSolution
		Debug|Any CPU = Debug|Any CPU
		Release|Any CPU = Release|Any CPU
	EndGlobalSection
	GlobalSection(ProjectConfigurationPlatforms) = postSolution
		{39FE11DF-2E32-4DA0-B50D-C1EC0C65912C}.Debug|Any CPU.ActiveCfg = Debug|Any CPU
		{39FE11DF-2E32-4DA0-B50D-C1EC0C65912C}.Debug|Any CPU.Build.0 = Debug|Any CPU
		{39FE11DF-2E32-4DA0-B50D-C1EC0C65912C}.Release|Any CPU.ActiveCfg = Release|Any CPU
		{39FE11DF-2E32-4DA0-B50D-C1EC0C65912C}.Release|Any CPU.Build.0 = Release|Any CPU
	EndGlobalSection
	GlobalSection(SolutionProperties) = preSolution
		HideSolutionNode = FALSE
	EndGlobalSection
	GlobalSection(ExtensibilityGlobals) = postSolution
		SolutionGuid = {F2914A0C-9664-4256-AF92-83D6DA6085F3}
	EndGlobalSection
EndGlobal
